
Microsoft Visual Studio Solution File, Format Version 12.00
# Visual Studio Version 17
VisualStudioVersion = 17.0.31903.59
MinimumVisualStudioVersion = 10.0.40219.1
Project("{2150E333-8FDC-42A3-9474-1A3956D46DE8}") = "src", "src", "{F48BCCCF-061B-4040-BD79-E90BB1B99C1C}"
EndProject
Project("{FAE04EC0-301F-11D3-BF4B-00C04F79EFBC}") = "BootcampWebApp", "src\BootcampWebApp\BootcampWebApp.csproj", "{FDF48B0B-5C18-4F5E-BC5C-E53B04B5629B}"
EndProject
Global
	GlobalSection(SolutionConfigurationPlatforms) = preSolution
		Debug|Any CPU = Debug|Any CPU
		Release|Any CPU = Release|Any CPU
	EndGlobalSection
	GlobalSection(SolutionProperties) = preSolution
		HideSolutionNode = FALSE
	EndGlobalSection
	GlobalSection(ProjectConfigurationPlatforms) = postSolution
		{FDF48B0B-5C18-4F5E-BC5C-E53B04B5629B}.Debug|Any CPU.ActiveCfg = Debug|Any CPU
		{FDF48B0B-5C18-4F5E-BC5C-E53B04B5629B}.Debug|Any CPU.Build.0 = Debug|Any CPU
		{FDF48B0B-5C18-4F5E-BC5C-E53B04B5629B}.Release|Any CPU.ActiveCfg = Release|Any CPU
		{FDF48B0B-5C18-4F5E-BC5C-E53B04B5629B}.Release|Any CPU.Build.0 = Release|Any CPU
	EndGlobalSection
	GlobalSection(NestedProjects) = preSolution
		{FDF48B0B-5C18-4F5E-BC5C-E53B04B5629B} = {F48BCCCF-061B-4040-BD79-E90BB1B99C1C}
	EndGlobalSection
EndGlobal
